
Microsoft Visual Studio Solution File, Format Version 12.00
# Visual Studio Version 16
VisualStudioVersion = 16.0.29424.173
MinimumVisualStudioVersion = 10.0.40219.1
Project("{FAE04EC0-301F-11D3-BF4B-00C04F79EFBC}") = "ChateeWPF", "ChateeWPF\ChateeWPF.csproj", "{9D9EC387-FC4A-422A-92FE-F23E87ABF8DB}"
EndProject
Project("{FAE04EC0-301F-11D3-BF4B-00C04F79EFBC}") = "ChateeCore", "ChateeCore\ChateeCore.csproj", "{65A1CDC5-EAF9-49D4-9330-3F9AC1EDE792}"
EndProject
Project("{FAE04EC0-301F-11D3-BF4B-00C04F79EFBC}") = "WCF_Server", "WCF_Server\WCF_Server.csproj", "{9000A63E-B1BD-407E-90F2-2592B486B632}"
EndProject
Project("{FAE04EC0-301F-11D3-BF4B-00C04F79EFBC}") = "Host", "Host\Host.csproj", "{B727481D-6AFF-4FFE-BD53-E2E4C774FD4C}"
EndProject
Global
	GlobalSection(SolutionConfigurationPlatforms) = preSolution
		Debug|Any CPU = Debug|Any CPU
		Release|Any CPU = Release|Any CPU
	EndGlobalSection
	GlobalSection(ProjectConfigurationPlatforms) = postSolution
		{9D9EC387-FC4A-422A-92FE-F23E87ABF8DB}.Debug|Any CPU.ActiveCfg = Debug|Any CPU
		{9D9EC387-FC4A-422A-92FE-F23E87ABF8DB}.Debug|Any CPU.Build.0 = Debug|Any CPU
		{9D9EC387-FC4A-422A-92FE-F23E87ABF8DB}.Release|Any CPU.ActiveCfg = Release|Any CPU
		{9D9EC387-FC4A-422A-92FE-F23E87ABF8DB}.Release|Any CPU.Build.0 = Release|Any CPU
		{65A1CDC5-EAF9-49D4-9330-3F9AC1EDE792}.Debug|Any CPU.ActiveCfg = Debug|Any CPU
		{65A1CDC5-EAF9-49D4-9330-3F9AC1EDE792}.Debug|Any CPU.Build.0 = Debug|Any CPU
		{65A1CDC5-EAF9-49D4-9330-3F9AC1EDE792}.Release|Any CPU.ActiveCfg = Release|Any CPU
		{65A1CDC5-EAF9-49D4-9330-3F9AC1EDE792}.Release|Any CPU.Build.0 = Release|Any CPU
		{9000A63E-B1BD-407E-90F2-2592B486B632}.Debug|Any CPU.ActiveCfg = Debug|Any CPU
		{9000A63E-B1BD-407E-90F2-2592B486B632}.Debug|Any CPU.Build.0 = Debug|Any CPU
		{9000A63E-B1BD-407E-90F2-2592B486B632}.Release|Any CPU.ActiveCfg = Release|Any CPU
		{9000A63E-B1BD-407E-90F2-2592B486B632}.Release|Any CPU.Build.0 = Release|Any CPU
		{B727481D-6AFF-4FFE-BD53-E2E4C774FD4C}.Debug|Any CPU.ActiveCfg = Debug|Any CPU
		{B727481D-6AFF-4FFE-BD53-E2E4C774FD4C}.Debug|Any CPU.Build.0 = Debug|Any CPU
		{B727481D-6AFF-4FFE-BD53-E2E4C774FD4C}.Release|Any CPU.ActiveCfg = Release|Any CPU
		{B727481D-6AFF-4FFE-BD53-E2E4C774FD4C}.Release|Any CPU.Build.0 = Release|Any CPU
	EndGlobalSection
	GlobalSection(SolutionProperties) = preSolution
		HideSolutionNode = FALSE
	EndGlobalSection
	GlobalSection(ExtensibilityGlobals) = postSolution
		SolutionGuid = {CBABA148-0994-4EED-B9B7-B75877F9EFD2}
	EndGlobalSection
EndGlobal
